
Microsoft Visual Studio Solution File, Format Version 12.00
# Visual Studio Version 17
VisualStudioVersion = 17.0.31912.275
MinimumVisualStudioVersion = 10.0.40219.1
Project("{FAE04EC0-301F-11D3-BF4B-00C04F79EFBC}") = "NESdos", "NESdos\NESdos.csproj", "{607BAA43-EAE2-4754-9BBC-D3E9BD227E76}"
EndProject
Global
	GlobalSection(SolutionConfigurationPlatforms) = preSolution
		Debug|Any CPU = Debug|Any CPU
		Release|Any CPU = Release|Any CPU
	EndGlobalSection
	GlobalSection(ProjectConfigurationPlatforms) = postSolution
		{607BAA43-EAE2-4754-9BBC-D3E9BD227E76}.Debug|Any CPU.ActiveCfg = Debug|Any CPU
		{607BAA43-EAE2-4754-9BBC-D3E9BD227E76}.Debug|Any CPU.Build.0 = Debug|Any CPU
		{607BAA43-EAE2-4754-9BBC-D3E9BD227E76}.Release|Any CPU.ActiveCfg = Release|Any CPU
		{607BAA43-EAE2-4754-9BBC-D3E9BD227E76}.Release|Any CPU.Build.0 = Release|Any CPU
	EndGlobalSection
	GlobalSection(SolutionProperties) = preSolution
		HideSolutionNode = FALSE
	EndGlobalSection
	GlobalSection(ExtensibilityGlobals) = postSolution
		SolutionGuid = {E8522CF4-7CCF-4430-AE74-AB3CC4F1606B}
	EndGlobalSection
EndGlobal
